
Microsoft Visual Studio Solution File, Format Version 12.00
# Visual Studio Version 16
VisualStudioVersion = 16.0.31702.278
MinimumVisualStudioVersion = 10.0.40219.1
Project("{FAE04EC0-301F-11D3-BF4B-00C04F79EFBC}") = "FreshFruit", "FreshFruit\FreshFruit.csproj", "{61EBFED3-D820-4787-ACDD-5352A6B8606B}"
EndProject
Global
	GlobalSection(SolutionConfigurationPlatforms) = preSolution
		Debug|Any CPU = Debug|Any CPU
		Release|Any CPU = Release|Any CPU
	EndGlobalSection
	GlobalSection(ProjectConfigurationPlatforms) = postSolution
		{61EBFED3-D820-4787-ACDD-5352A6B8606B}.Debug|Any CPU.ActiveCfg = Debug|Any CPU
		{61EBFED3-D820-4787-ACDD-5352A6B8606B}.Debug|Any CPU.Build.0 = Debug|Any CPU
		{61EBFED3-D820-4787-ACDD-5352A6B8606B}.Release|Any CPU.ActiveCfg = Release|Any CPU
		{61EBFED3-D820-4787-ACDD-5352A6B8606B}.Release|Any CPU.Build.0 = Release|Any CPU
	EndGlobalSection
	GlobalSection(SolutionProperties) = preSolution
		HideSolutionNode = FALSE
	EndGlobalSection
	GlobalSection(ExtensibilityGlobals) = postSolution
		SolutionGuid = {56E41587-9D42-419E-B533-88B839D05CAD}
	EndGlobalSection
EndGlobal
